// !$*UTF8*$!
{
	archiveVersion = 1;
	classes = {
	};
	objectVersion = 46;
	objects = {

/* Begin PBXBuildFile section */
		70BC6A2A2DB1DAC12692543A /* Pods.framework in Frameworks */ = {isa = PBXBuildFile; fileRef = D34E64C9375A2EAD3EEE6C97 /* Pods.framework */; settings = {ATTRIBUTES = (Weak, ); }; };
		778310731AF90F2700F91443 /* AppDelegate.swift in Sources */ = {isa = PBXBuildFile; fileRef = 778310721AF90F2700F91443 /* AppDelegate.swift */; };
		778310751AF90F2700F91443 /* ViewController.swift in Sources */ = {isa = PBXBuildFile; fileRef = 778310741AF90F2700F91443 /* ViewController.swift */; };
		778310781AF90F2700F91443 /* Main.storyboard in Resources */ = {isa = PBXBuildFile; fileRef = 778310761AF90F2700F91443 /* Main.storyboard */; };
		7783107A1AF90F2700F91443 /* Images.xcassets in Resources */ = {isa = PBXBuildFile; fileRef = 778310791AF90F2700F91443 /* Images.xcassets */; };
		7783107D1AF90F2700F91443 /* LaunchScreen.xib in Resources */ = {isa = PBXBuildFile; fileRef = 7783107B1AF90F2700F91443 /* LaunchScreen.xib */; };
		778310891AF90F2700F91443 /* SwipeToRevealCellTests.swift in Sources */ = {isa = PBXBuildFile; fileRef = 778310881AF90F2700F91443 /* SwipeToRevealCellTests.swift */; };
		778310931AF9118D00F91443 /* SwipeCell.swift in Sources */ = {isa = PBXBuildFile; fileRef = 778310921AF9118D00F91443 /* SwipeCell.swift */; };
/* End PBXBuildFile section */

/* Begin PBXContainerItemProxy section */
		778310831AF90F2700F91443 /* PBXContainerItemProxy */ = {
			isa = PBXContainerItemProxy;
			containerPortal = 778310651AF90F2700F91443 /* Project object */;
			proxyType = 1;
			remoteGlobalIDString = 7783106C1AF90F2700F91443;
			remoteInfo = SwipeToRevealCell;
		};
/* End PBXContainerItemProxy section */

/* Begin PBXFileReference section */
		32145117965BC7CDE13FE3E9 /* Pods.release.xcconfig */ = {isa = PBXFileReference; includeInIndex = 1; lastKnownFileType = text.xcconfig; name = Pods.release.xcconfig; path = "Pods/Target Support Files/Pods/Pods.release.xcconfig"; sourceTree = "<group>"; };
		43205BDFCA2F56F1CAF17BFB /* Pods.debug.xcconfig */ = {isa = PBXFileReference; includeInIndex = 1; lastKnownFileType = text.xcconfig; name = Pods.debug.xcconfig; path = "Pods/Target Support Files/Pods/Pods.debug.xcconfig"; sourceTree = "<group>"; };
		7783106D1AF90F2700F91443 /* SwipeToRevealCell.app */ = {isa = PBXFileReference; explicitFileType = wrapper.application; includeInIndex = 0; path = SwipeToRevealCell.app; sourceTree = BUILT_PRODUCTS_DIR; };
		778310711AF90F2700F91443 /* Info.plist */ = {isa = PBXFileReference; lastKnownFileType = text.plist.xml; path = Info.plist; sourceTree = "<group>"; };
		778310721AF90F2700F91443 /* AppDelegate.swift */ = {isa = PBXFileReference; lastKnownFileType = sourcecode.swift; path = AppDelegate.swift; sourceTree = "<group>"; };
		778310741AF90F2700F91443 /* ViewController.swift */ = {isa = PBXFileReference; lastKnownFileType = sourcecode.swift; path = ViewController.swift; sourceTree = "<group>"; };
		778310771AF90F2700F91443 /* Base */ = {isa = PBXFileReference; lastKnownFileType = file.storyboard; name = Base; path = Base.lproj/Main.storyboard; sourceTree = "<group>"; };
		778310791AF90F2700F91443 /* Images.xcassets */ = {isa = PBXFileReference; lastKnownFileType = folder.assetcatalog; path = Images.xcassets; sourceTree = "<group>"; };
		7783107C1AF90F2700F91443 /* Base */ = {isa = PBXFileReference; lastKnownFileType = file.xib; name = Base; path = Base.lproj/LaunchScreen.xib; sourceTree = "<group>"; };
		778310821AF90F2700F91443 /* SwipeToRevealCellTests.xctest */ = {isa = PBXFileReference; explicitFileType = wrapper.cfbundle; includeInIndex = 0; path = SwipeToRevealCellTests.xctest; sourceTree = BUILT_PRODUCTS_DIR; };
		778310871AF90F2700F91443 /* Info.plist */ = {isa = PBXFileReference; lastKnownFileType = text.plist.xml; path = Info.plist; sourceTree = "<group>"; };
		778310881AF90F2700F91443 /* SwipeToRevealCellTests.swift */ = {isa = PBXFileReference; lastKnownFileType = sourcecode.swift; path = SwipeToRevealCellTests.swift; sourceTree = "<group>"; };
		778310921AF9118D00F91443 /* SwipeCell.swift */ = {isa = PBXFileReference; fileEncoding = 4; lastKnownFileType = sourcecode.swift; path = SwipeCell.swift; sourceTree = "<group>"; };
		D34E64C9375A2EAD3EEE6C97 /* Pods.framework */ = {isa = PBXFileReference; explicitFileType = wrapper.framework; includeInIndex = 0; path = Pods.framework; sourceTree = BUILT_PRODUCTS_DIR; };
/* End PBXFileReference section */

/* Begin PBXFrameworksBuildPhase section */
		7783106A1AF90F2700F91443 /* Frameworks */ = {
			isa = PBXFrameworksBuildPhase;
			buildActionMask = 2147483647;
			files = (
				70BC6A2A2DB1DAC12692543A /* Pods.framework in Frameworks */,
			);
			runOnlyForDeploymentPostprocessing = 0;
		};
		7783107F1AF90F2700F91443 /* Frameworks */ = {
			isa = PBXFrameworksBuildPhase;
			buildActionMask = 2147483647;
			files = (
			);
			runOnlyForDeploymentPostprocessing = 0;
		};
/* End PBXFrameworksBuildPhase section */

/* Begin PBXGroup section */
		4C149F3228F43648FB1FF167 /* Pods */ = {
			isa = PBXGroup;
			children = (
				43205BDFCA2F56F1CAF17BFB /* Pods.debug.xcconfig */,
				32145117965BC7CDE13FE3E9 /* Pods.release.xcconfig */,
			);
			name = Pods;
			sourceTree = "<group>";
		};
		60660C53CAE9AA7942F8DB48 /* Frameworks */ = {
			isa = PBXGroup;
			children = (
				D34E64C9375A2EAD3EEE6C97 /* Pods.framework */,
			);
			name = Frameworks;
			sourceTree = "<group>";
		};
		778310641AF90F2700F91443 = {
			isa = PBXGroup;
			children = (
				7783106F1AF90F2700F91443 /* SwipeToRevealCell */,
				778310851AF90F2700F91443 /* SwipeToRevealCellTests */,
				7783106E1AF90F2700F91443 /* Products */,
				4C149F3228F43648FB1FF167 /* Pods */,
				60660C53CAE9AA7942F8DB48 /* Frameworks */,
			);
			sourceTree = "<group>";
		};
		7783106E1AF90F2700F91443 /* Products */ = {
			isa = PBXGroup;
			children = (
				7783106D1AF90F2700F91443 /* SwipeToRevealCell.app */,
				778310821AF90F2700F91443 /* SwipeToRevealCellTests.xctest */,
			);
			name = Products;
			sourceTree = "<group>";
		};
		7783106F1AF90F2700F91443 /* SwipeToRevealCell */ = {
			isa = PBXGroup;
			children = (
				778310721AF90F2700F91443 /* AppDelegate.swift */,
				778310741AF90F2700F91443 /* ViewController.swift */,
				778310761AF90F2700F91443 /* Main.storyboard */,
				778310791AF90F2700F91443 /* Images.xcassets */,
				7783107B1AF90F2700F91443 /* LaunchScreen.xib */,
				778310701AF90F2700F91443 /* Supporting Files */,
				778310921AF9118D00F91443 /* SwipeCell.swift */,
			);
			path = SwipeToRevealCell;
			sourceTree = "<group>";
		};
		778310701AF90F2700F91443 /* Supporting Files */ = {
			isa = PBXGroup;
			children = (
				778310711AF90F2700F91443 /* Info.plist */,
			);
			name = "Supporting Files";
			sourceTree = "<group>";
		};
		778310851AF90F2700F91443 /* SwipeToRevealCellTests */ = {
			isa = PBXGroup;
			children = (
				778310881AF90F2700F91443 /* SwipeToRevealCellTests.swift */,
				778310861AF90F2700F91443 /* Supporting Files */,
			);
			path = SwipeToRevealCellTests;
			sourceTree = "<group>";
		};
		778310861AF90F2700F91443 /* Supporting Files */ = {
			isa = PBXGroup;
			children = (
				778310871AF90F2700F91443 /* Info.plist */,
			);
			name = "Supporting Files";
			sourceTree = "<group>";
		};
/* End PBXGroup section */

/* Begin PBXNativeTarget section */
		7783106C1AF90F2700F91443 /* SwipeToRevealCell */ = {
			isa = PBXNativeTarget;
			buildConfigurationList = 7783108C1AF90F2700F91443 /* Build configuration list for PBXNativeTarget "SwipeToRevealCell" */;
			buildPhases = (
				810A4AB6ACCC686BC4679AC6 /* Check Pods Manifest.lock */,
				778310691AF90F2700F91443 /* Sources */,
				7783106A1AF90F2700F91443 /* Frameworks */,
				7783106B1AF90F2700F91443 /* Resources */,
				2DCD1F9F9AC0DDCBAE0E1822 /* Embed Pods Frameworks */,
				3D1A008D002EDAA3BD6FD579 /* Copy Pods Resources */,
			);
			buildRules = (
			);
			dependencies = (
			);
			name = SwipeToRevealCell;
			productName = SwipeToRevealCell;
			productReference = 7783106D1AF90F2700F91443 /* SwipeToRevealCell.app */;
			productType = "com.apple.product-type.application";
		};
		778310811AF90F2700F91443 /* SwipeToRevealCellTests */ = {
			isa = PBXNativeTarget;
			buildConfigurationList = 7783108F1AF90F2700F91443 /* Build configuration list for PBXNativeTarget "SwipeToRevealCellTests" */;
			buildPhases = (
				7783107E1AF90F2700F91443 /* Sources */,
				7783107F1AF90F2700F91443 /* Frameworks */,
				778310801AF90F2700F91443 /* Resources */,
			);
			buildRules = (
			);
			dependencies = (
				778310841AF90F2700F91443 /* PBXTargetDependency */,
			);
			name = SwipeToRevealCellTests;
			productName = SwipeToRevealCellTests;
			productReference = 778310821AF90F2700F91443 /* SwipeToRevealCellTests.xctest */;
			productType = "com.apple.product-type.bundle.unit-test";
		};
/* End PBXNativeTarget section */

/* Begin PBXProject section */
		778310651AF90F2700F91443 /* Project object */ = {
			isa = PBXProject;
			attributes = {
				LastUpgradeCheck = 0630;
				ORGANIZATIONNAME = Technophile;
				TargetAttributes = {
					7783106C1AF90F2700F91443 = {
						CreatedOnToolsVersion = 6.3;
					};
					778310811AF90F2700F91443 = {
						CreatedOnToolsVersion = 6.3;
						TestTargetID = 7783106C1AF90F2700F91443;
					};
				};
			};
			buildConfigurationList = 778310681AF90F2700F91443 /* Build configuration list for PBXProject "SwipeToRevealCell" */;
			compatibilityVersion = "Xcode 3.2";
			developmentRegion = English;
			hasScannedForEncodings = 0;
			knownRegions = (
				en,
				Base,
			);
			mainGroup = 778310641AF90F2700F91443;
			productRefGroup = 7783106E1AF90F2700F91443 /* Products */;
			projectDirPath = "";
			projectRoot = "";
			targets = (
				7783106C1AF90F2700F91443 /* SwipeToRevealCell */,
				778310811AF90F2700F91443 /* SwipeToRevealCellTests */,
			);
		};
/* End PBXProject section */

/* Begin PBXResourcesBuildPhase section */
		7783106B1AF90F2700F91443 /* Resources */ = {
			isa = PBXResourcesBuildPhase;
			buildActionMask = 2147483647;
			files = (
				778310781AF90F2700F91443 /* Main.storyboard in Resources */,
				7783107D1AF90F2700F91443 /* LaunchScreen.xib in Resources */,
				7783107A1AF90F2700F91443 /* Images.xcassets in Resources */,
			);
			runOnlyForDeploymentPostprocessing = 0;
		};
		778310801AF90F2700F91443 /* Resources */ = {
			isa = PBXResourcesBuildPhase;
			buildActionMask = 2147483647;
			files = (
			);
			runOnlyForDeploymentPostprocessing = 0;
		};
/* End PBXResourcesBuildPhase section */

/* Begin PBXShellScriptBuildPhase section */
		2DCD1F9F9AC0DDCBAE0E1822 /* Embed Pods Frameworks */ = {
			isa = PBXShellScriptBuildPhase;
			buildActionMask = 2147483647;
			files = (
			);
			inputPaths = (
			);
			name = "Embed Pods Frameworks";
			outputPaths = (
			);
			runOnlyForDeploymentPostprocessing = 0;
			shellPath = /bin/sh;
			shellScript = "\"${SRCROOT}/Pods/Target Support Files/Pods/Pods-frameworks.sh\"\n";
			showEnvVarsInLog = 0;
		};
		3D1A008D002EDAA3BD6FD579 /* Copy Pods Resources */ = {
			isa = PBXShellScriptBuildPhase;
			buildActionMask = 2147483647;
			files = (
			);
			inputPaths = (
			);
			name = "Copy Pods Resources";
			outputPaths = (
			);
			runOnlyForDeploymentPostprocessing = 0;
			shellPath = /bin/sh;
			shellScript = "\"${SRCROOT}/Pods/Target Support Files/Pods/Pods-resources.sh\"\n";
			showEnvVarsInLog = 0;
		};
		810A4AB6ACCC686BC4679AC6 /* Check Pods Manifest.lock */ = {
			isa = PBXShellScriptBuildPhase;
			buildActionMask = 2147483647;
			files = (
			);
			inputPaths = (
			);
			name = "Check Pods Manifest.lock";
			outputPaths = (
			);
			runOnlyForDeploymentPostprocessing = 0;
			shellPath = /bin/sh;
			shellScript = "diff \"${PODS_ROOT}/../Podfile.lock\" \"${PODS_ROOT}/Manifest.lock\" > /dev/null\nif [[ $? != 0 ]] ; then\n    cat << EOM\nerror: The sandbox is not in sync with the Podfile.lock. Run 'pod install' or update your CocoaPods installation.\nEOM\n    exit 1\nfi\n";
			showEnvVarsInLog = 0;
		};
/* End PBXShellScriptBuildPhase section */

/* Begin PBXSourcesBuildPhase section */
		778310691AF90F2700F91443 /* Sources */ = {
			isa = PBXSourcesBuildPhase;
			buildActionMask = 2147483647;
			files = (
				778310751AF90F2700F91443 /* ViewController.swift in Sources */,
				778310731AF90F2700F91443 /* AppDelegate.swift in Sources */,
				778310931AF9118D00F91443 /* SwipeCell.swift in Sources */,
			);
			runOnlyForDeploymentPostprocessing = 0;
		};
		7783107E1AF90F2700F91443 /* Sources */ = {
			isa = PBXSourcesBuildPhase;
			buildActionMask = 2147483647;
			files = (
				778310891AF90F2700F91443 /* SwipeToRevealCellTests.swift in Sources */,
			);
			runOnlyForDeploymentPostprocessing = 0;
		};
/* End PBXSourcesBuildPhase section */

/* Begin PBXTargetDependency section */
		778310841AF90F2700F91443 /* PBXTargetDependency */ = {
			isa = PBXTargetDependency;
			target = 7783106C1AF90F2700F91443 /* SwipeToRevealCell */;
			targetProxy = 778310831AF90F2700F91443 /* PBXContainerItemProxy */;
		};
/* End PBXTargetDependency section */

/* Begin PBXVariantGroup section */
		778310761AF90F2700F91443 /* Main.storyboard */ = {
			isa = PBXVariantGroup;
			children = (
				778310771AF90F2700F91443 /* Base */,
			);
			name = Main.storyboard;
			sourceTree = "<group>";
		};
		7783107B1AF90F2700F91443 /* LaunchScreen.xib */ = {
			isa = PBXVariantGroup;
			children = (
				7783107C1AF90F2700F91443 /* Base */,
			);
			name = LaunchScreen.xib;
			sourceTree = "<group>";
		};
/* End PBXVariantGroup section */

/* Begin XCBuildConfiguration section */
		7783108A1AF90F2700F91443 /* Debug */ = {
			isa = XCBuildConfiguration;
			buildSettings = {
				ALWAYS_SEARCH_USER_PATHS = NO;
				CLANG_CXX_LANGUAGE_STANDARD = "gnu++0x";
				CLANG_CXX_LIBRARY = "libc++";
				CLANG_ENABLE_MODULES = YES;
				CLANG_ENABLE_OBJC_ARC = YES;
				CLANG_WARN_BOOL_CONVERSION = YES;
				CLANG_WARN_CONSTANT_CONVERSION = YES;
				CLANG_WARN_DIRECT_OBJC_ISA_USAGE = YES_ERROR;
				CLANG_WARN_EMPTY_BODY = YES;
				CLANG_WARN_ENUM_CONVERSION = YES;
				CLANG_WARN_INT_CONVERSION = YES;
				CLANG_WARN_OBJC_ROOT_CLASS = YES_ERROR;
				CLANG_WARN_UNREACHABLE_CODE = YES;
				CLANG_WARN__DUPLICATE_METHOD_MATCH = YES;
				"CODE_SIGN_IDENTITY[sdk=iphoneos*]" = "iPhone Developer";
				COPY_PHASE_STRIP = NO;
				DEBUG_INFORMATION_FORMAT = "dwarf-with-dsym";
				ENABLE_STRICT_OBJC_MSGSEND = YES;
				GCC_C_LANGUAGE_STANDARD = gnu99;
				GCC_DYNAMIC_NO_PIC = NO;
				GCC_NO_COMMON_BLOCKS = YES;
				GCC_OPTIMIZATION_LEVEL = 0;
				GCC_PREPROCESSOR_DEFINITIONS = (
					"DEBUG=1",
					"$(inherited)",
				);
				GCC_SYMBOLS_PRIVATE_EXTERN = NO;
				GCC_WARN_64_TO_32_BIT_CONVERSION = YES;
				GCC_WARN_ABOUT_RETURN_TYPE = YES_ERROR;
				GCC_WARN_UNDECLARED_SELECTOR = YES;
				GCC_WARN_UNINITIALIZED_AUTOS = YES_AGGRESSIVE;
				GCC_WARN_UNUSED_FUNCTION = YES;
				GCC_WARN_UNUSED_VARIABLE = YES;
				IPHONEOS_DEPLOYMENT_TARGET = 8.3;
				MTL_ENABLE_DEBUG_INFO = YES;
				ONLY_ACTIVE_ARCH = YES;
				SDKROOT = iphoneos;
				SWIFT_OPTIMIZATION_LEVEL = "-Onone";
			};
			name = Debug;
		};
		7783108B1AF90F2700F91443 /* Release */ = {
			isa = XCBuildConfiguration;
			buildSettings = {
				ALWAYS_SEARCH_USER_PATHS = NO;
				CLANG_CXX_LANGUAGE_STANDARD = "gnu++0x";
				CLANG_CXX_LIBRARY = "libc++";
				CLANG_ENABLE_MODULES = YES;
				CLANG_ENABLE_OBJC_ARC = YES;
				CLANG_WARN_BOOL_CONVERSION = YES;
				CLANG_WARN_CONSTANT_CONVERSION = YES;
				CLANG_WARN_DIRECT_OBJC_ISA_USAGE = YES_ERROR;
				CLANG_WARN_EMPTY_BODY = YES;
				CLANG_WARN_ENUM_CONVERSION = YES;
				CLANG_WARN_INT_CONVERSION = YES;
				CLANG_WARN_OBJC_ROOT_CLASS = YES_ERROR;
				CLANG_WARN_UNREACHABLE_CODE = YES;
				CLANG_WARN__DUPLICATE_METHOD_MATCH = YES;
				"CODE_SIGN_IDENTITY[sdk=iphoneos*]" = "iPhone Developer";
				COPY_PHASE_STRIP = NO;
				DEBUG_INFORMATION_FORMAT = "dwarf-with-dsym";
				ENABLE_NS_ASSERTIONS = NO;
				ENABLE_STRICT_OBJC_MSGSEND = YES;
				GCC_C_LANGUAGE_STANDARD = gnu99;
				GCC_NO_COMMON_BLOCKS = YES;
				GCC_WARN_64_TO_32_BIT_CONVERSION = YES;
				GCC_WARN_ABOUT_RETURN_TYPE = YES_ERROR;
				GCC_WARN_UNDECLARED_SELECTOR = YES;
				GCC_WARN_UNINITIALIZED_AUTOS = YES_AGGRESSIVE;
				GCC_WARN_UNUSED_FUNCTION = YES;
				GCC_WARN_UNUSED_VARIABLE = YES;
				IPHONEOS_DEPLOYMENT_TARGET = 8.3;
				MTL_ENABLE_DEBUG_INFO = NO;
				SDKROOT = iphoneos;
				VALIDATE_PRODUCT = YES;
			};
			name = Release;
		};
		7783108D1AF90F2700F91443 /* Debug */ = {
			isa = XCBuildConfiguration;
			baseConfigurationReference = 43205BDFCA2F56F1CAF17BFB /* Pods.debug.xcconfig */;
			buildSettings = {
				ASSETCATALOG_COMPILER_APPICON_NAME = AppIcon;
				INFOPLIST_FILE = SwipeToRevealCell/Info.plist;
				LD_RUNPATH_SEARCH_PATHS = "$(inherited) @executable_path/Frameworks";
				PRODUCT_NAME = "$(TARGET_NAME)";
			};
			name = Debug;
		};
		7783108E1AF90F2700F91443 /* Release */ = {
			isa = XCBuildConfiguration;
			baseConfigurationReference = 32145117965BC7CDE13FE3E9 /* Pods.release.xcconfig */;
			buildSettings = {
				ASSETCATALOG_COMPILER_APPICON_NAME = AppIcon;
				INFOPLIST_FILE = SwipeToRevealCell/Info.plist;
				LD_RUNPATH_SEARCH_PATHS = "$(inherited) @executable_path/Frameworks";
				PRODUCT_NAME = "$(TARGET_NAME)";
			};
			name = Release;
		};
		778310901AF90F2700F91443 /* Debug */ = {
			isa = XCBuildConfiguration;
			buildSettings = {
				BUNDLE_LOADER = "$(TEST_HOST)";
				FRAMEWORK_SEARCH_PATHS = (
					"$(SDKROOT)/Developer/Library/Frameworks",
					"$(inherited)",
				);
				GCC_PREPROCESSOR_DEFINITIONS = (
					"DEBUG=1",
					"$(inherited)",
				);
				INFOPLIST_FILE = SwipeToRevealCellTests/Info.plist;
				LD_RUNPATH_SEARCH_PATHS = "$(inherited) @executable_path/Frameworks @loader_path/Frameworks";
				PRODUCT_NAME = "$(TARGET_NAME)";
				TEST_HOST = "$(BUILT_PRODUCTS_DIR)/SwipeToRevealCell.app/SwipeToRevealCell";
			};
			name = Debug;
		};
		778310911AF90F2700F91443 /* Release */ = {
			isa = XCBuildConfiguration;
			buildSettings = {
				BUNDLE_LOADER = "$(TEST_HOST)";
				FRAMEWORK_SEARCH_PATHS = (
					"$(SDKROOT)/Developer/Library/Frameworks",
					"$(inherited)",
				);
				INFOPLIST_FILE = SwipeToRevealCellTests/Info.plist;
				LD_RUNPATH_SEARCH_PATHS = "$(inherited) @executable_path/Frameworks @loader_path/Frameworks";
				PRODUCT_NAME = "$(TARGET_NAME)";
				TEST_HOST = "$(BUILT_PRODUCTS_DIR)/SwipeToRevealCell.app/SwipeToRevealCell";
			};
			name = Release;
		};
/* End XCBuildConfiguration section */

/* Begin XCConfigurationList section */
		778310681AF90F2700F91443 /* Build configuration list for PBXProject "SwipeToRevealCell" */ = {
			isa = XCConfigurationList;
			buildConfigurations = (
				7783108A1AF90F2700F91443 /* Debug */,
				7783108B1AF90F2700F91443 /* Release */,
			);
			defaultConfigurationIsVisible = 0;
			defaultConfigurationName = Release;
		};
		7783108C1AF90F2700F91443 /* Build configuration list for PBXNativeTarget "SwipeToRevealCell" */ = {
			isa = XCConfigurationList;
			buildConfigurations = (
				7783108D1AF90F2700F91443 /* Debug */,
				7783108E1AF90F2700F91443 /* Release */,
			);
			defaultConfigurationIsVisible = 0;
			defaultConfigurationName = Release;
		};
		7783108F1AF90F2700F91443 /* Build configuration list for PBXNativeTarget "SwipeToRevealCellTests" */ = {
			isa = XCConfigurationList;
			buildConfigurations = (
				778310901AF90F2700F91443 /* Debug */,
				778310911AF90F2700F91443 /* Release */,
			);
			defaultConfigurationIsVisible = 0;
			defaultConfigurationName = Release;
		};
/* End XCConfigurationList section */
	};
	rootObject = 778310651AF90F2700F91443 /* Project object */;
}
